
Microsoft Visual Studio Solution File, Format Version 12.00
# Visual Studio 2013
VisualStudioVersion = 12.0.30501.0
MinimumVisualStudioVersion = 10.0.40219.1
Project("{8BC9CEB8-8B4A-11D0-8D11-00A0C91BC942}") = "PEngine", "KB-06\KB-06.vcxproj", "{92DAF88F-03E3-49FB-8CD4-CC217C022CFC}"
EndProject
Project("{F088123C-0E9E-452A-89E6-6BA2F21D5CAC}") = "UML Project", "ModelingProject1\UML Project.modelproj", "{C5CFA96D-DAB1-4546-80A5-2197159A01A9}"
EndProject
Project("{8BC9CEB8-8B4A-11D0-8D11-00A0C91BC942}") = "CubeGame", "CubeGame\CubeGame.vcxproj", "{3E3ED95C-DA53-4863-B948-E51C5F4CB1B7}"
EndProject
Project("{8BC9CEB8-8B4A-11D0-8D11-00A0C91BC942}") = "Racer", "Racer\Racer.vcxproj", "{3B3232B5-EFB9-445F-BB1B-23B05B6F9E7B}"
EndProject
Project("{8BC9CEB8-8B4A-11D0-8D11-00A0C91BC942}") = "RacerDeTweede", "NiggahRacer\NiggahRacer.vcxproj", "{6E6F9812-1543-46AD-B292-DD56F22E4530}"
EndProject
Project("{8BC9CEB8-8B4A-11D0-8D11-00A0C91BC942}") = "OfficialIceRacer", "OfficialIceRacer\OfficialIceRacer.vcxproj", "{BE4C1614-FA95-451B-AB18-837088EC5305}"
EndProject
Global
	GlobalSection(SolutionConfigurationPlatforms) = preSolution
		Debug|Any CPU = Debug|Any CPU
		Debug|Mixed Platforms = Debug|Mixed Platforms
		Debug|Win32 = Debug|Win32
		Release|Any CPU = Release|Any CPU
		Release|Mixed Platforms = Release|Mixed Platforms
		Release|Win32 = Release|Win32
	EndGlobalSection
	GlobalSection(ProjectConfigurationPlatforms) = postSolution
		{92DAF88F-03E3-49FB-8CD4-CC217C022CFC}.Debug|Any CPU.ActiveCfg = Debug|Win32
		{92DAF88F-03E3-49FB-8CD4-CC217C022CFC}.Debug|Mixed Platforms.ActiveCfg = Debug|Win32
		{92DAF88F-03E3-49FB-8CD4-CC217C022CFC}.Debug|Mixed Platforms.Build.0 = Debug|Win32
		{92DAF88F-03E3-49FB-8CD4-CC217C022CFC}.Debug|Win32.ActiveCfg = Debug|Win32
		{92DAF88F-03E3-49FB-8CD4-CC217C022CFC}.Debug|Win32.Build.0 = Debug|Win32
		{92DAF88F-03E3-49FB-8CD4-CC217C022CFC}.Release|Any CPU.ActiveCfg = Release|Win32
		{92DAF88F-03E3-49FB-8CD4-CC217C022CFC}.Release|Mixed Platforms.ActiveCfg = Release|Win32
		{92DAF88F-03E3-49FB-8CD4-CC217C022CFC}.Release|Mixed Platforms.Build.0 = Release|Win32
		{92DAF88F-03E3-49FB-8CD4-CC217C022CFC}.Release|Win32.ActiveCfg = Release|Win32
		{92DAF88F-03E3-49FB-8CD4-CC217C022CFC}.Release|Win32.Build.0 = Release|Win32
		{C5CFA96D-DAB1-4546-80A5-2197159A01A9}.Debug|Any CPU.ActiveCfg = Debug|Any CPU
		{C5CFA96D-DAB1-4546-80A5-2197159A01A9}.Debug|Any CPU.Build.0 = Debug|Any CPU
		{C5CFA96D-DAB1-4546-80A5-2197159A01A9}.Debug|Mixed Platforms.ActiveCfg = Debug|Any CPU
		{C5CFA96D-DAB1-4546-80A5-2197159A01A9}.Debug|Mixed Platforms.Build.0 = Debug|Any CPU
		{C5CFA96D-DAB1-4546-80A5-2197159A01A9}.Debug|Win32.ActiveCfg = Debug|Any CPU
		{C5CFA96D-DAB1-4546-80A5-2197159A01A9}.Release|Any CPU.ActiveCfg = Release|Any CPU
		{C5CFA96D-DAB1-4546-80A5-2197159A01A9}.Release|Any CPU.Build.0 = Release|Any CPU
		{C5CFA96D-DAB1-4546-80A5-2197159A01A9}.Release|Mixed Platforms.ActiveCfg = Release|Any CPU
		{C5CFA96D-DAB1-4546-80A5-2197159A01A9}.Release|Mixed Platforms.Build.0 = Release|Any CPU
		{C5CFA96D-DAB1-4546-80A5-2197159A01A9}.Release|Win32.ActiveCfg = Release|Any CPU
		{3E3ED95C-DA53-4863-B948-E51C5F4CB1B7}.Debug|Any CPU.ActiveCfg = Debug|Win32
		{3E3ED95C-DA53-4863-B948-E51C5F4CB1B7}.Debug|Mixed Platforms.ActiveCfg = Debug|Win32
		{3E3ED95C-DA53-4863-B948-E51C5F4CB1B7}.Debug|Mixed Platforms.Build.0 = Debug|Win32
		{3E3ED95C-DA53-4863-B948-E51C5F4CB1B7}.Debug|Win32.ActiveCfg = Debug|Win32
		{3E3ED95C-DA53-4863-B948-E51C5F4CB1B7}.Debug|Win32.Build.0 = Debug|Win32
		{3E3ED95C-DA53-4863-B948-E51C5F4CB1B7}.Release|Any CPU.ActiveCfg = Release|Win32
		{3E3ED95C-DA53-4863-B948-E51C5F4CB1B7}.Release|Mixed Platforms.ActiveCfg = Release|Win32
		{3E3ED95C-DA53-4863-B948-E51C5F4CB1B7}.Release|Mixed Platforms.Build.0 = Release|Win32
		{3E3ED95C-DA53-4863-B948-E51C5F4CB1B7}.Release|Win32.ActiveCfg = Release|Win32
		{3E3ED95C-DA53-4863-B948-E51C5F4CB1B7}.Release|Win32.Build.0 = Release|Win32
		{3B3232B5-EFB9-445F-BB1B-23B05B6F9E7B}.Debug|Any CPU.ActiveCfg = Debug|Win32
		{3B3232B5-EFB9-445F-BB1B-23B05B6F9E7B}.Debug|Mixed Platforms.ActiveCfg = Debug|Win32
		{3B3232B5-EFB9-445F-BB1B-23B05B6F9E7B}.Debug|Mixed Platforms.Build.0 = Debug|Win32
		{3B3232B5-EFB9-445F-BB1B-23B05B6F9E7B}.Debug|Win32.ActiveCfg = Debug|Win32
		{3B3232B5-EFB9-445F-BB1B-23B05B6F9E7B}.Debug|Win32.Build.0 = Debug|Win32
		{3B3232B5-EFB9-445F-BB1B-23B05B6F9E7B}.Release|Any CPU.ActiveCfg = Release|Win32
		{3B3232B5-EFB9-445F-BB1B-23B05B6F9E7B}.Release|Mixed Platforms.ActiveCfg = Release|Win32
		{3B3232B5-EFB9-445F-BB1B-23B05B6F9E7B}.Release|Mixed Platforms.Build.0 = Release|Win32
		{3B3232B5-EFB9-445F-BB1B-23B05B6F9E7B}.Release|Win32.ActiveCfg = Release|Win32
		{3B3232B5-EFB9-445F-BB1B-23B05B6F9E7B}.Release|Win32.Build.0 = Release|Win32
		{6E6F9812-1543-46AD-B292-DD56F22E4530}.Debug|Any CPU.ActiveCfg = Debug|Win32
		{6E6F9812-1543-46AD-B292-DD56F22E4530}.Debug|Mixed Platforms.ActiveCfg = Debug|Win32
		{6E6F9812-1543-46AD-B292-DD56F22E4530}.Debug|Mixed Platforms.Build.0 = Debug|Win32
		{6E6F9812-1543-46AD-B292-DD56F22E4530}.Debug|Win32.ActiveCfg = Debug|Win32
		{6E6F9812-1543-46AD-B292-DD56F22E4530}.Debug|Win32.Build.0 = Debug|Win32
		{6E6F9812-1543-46AD-B292-DD56F22E4530}.Release|Any CPU.ActiveCfg = Release|Win32
		{6E6F9812-1543-46AD-B292-DD56F22E4530}.Release|Mixed Platforms.ActiveCfg = Release|Win32
		{6E6F9812-1543-46AD-B292-DD56F22E4530}.Release|Mixed Platforms.Build.0 = Release|Win32
		{6E6F9812-1543-46AD-B292-DD56F22E4530}.Release|Win32.ActiveCfg = Release|Win32
		{6E6F9812-1543-46AD-B292-DD56F22E4530}.Release|Win32.Build.0 = Release|Win32
		{BE4C1614-FA95-451B-AB18-837088EC5305}.Debug|Any CPU.ActiveCfg = Debug|Win32
		{BE4C1614-FA95-451B-AB18-837088EC5305}.Debug|Mixed Platforms.ActiveCfg = Debug|Win32
		{BE4C1614-FA95-451B-AB18-837088EC5305}.Debug|Mixed Platforms.Build.0 = Debug|Win32
		{BE4C1614-FA95-451B-AB18-837088EC5305}.Debug|Win32.ActiveCfg = Debug|Win32
		{BE4C1614-FA95-451B-AB18-837088EC5305}.Debug|Win32.Build.0 = Debug|Win32
		{BE4C1614-FA95-451B-AB18-837088EC5305}.Release|Any CPU.ActiveCfg = Release|Win32
		{BE4C1614-FA95-451B-AB18-837088EC5305}.Release|Mixed Platforms.ActiveCfg = Release|Win32
		{BE4C1614-FA95-451B-AB18-837088EC5305}.Release|Mixed Platforms.Build.0 = Release|Win32
		{BE4C1614-FA95-451B-AB18-837088EC5305}.Release|Win32.ActiveCfg = Release|Win32
		{BE4C1614-FA95-451B-AB18-837088EC5305}.Release|Win32.Build.0 = Release|Win32
	EndGlobalSection
	GlobalSection(SolutionProperties) = preSolution
		HideSolutionNode = FALSE
	EndGlobalSection
EndGlobal
