<?xml version="1.0" encoding="utf-8"?>
<Project ToolsVersion="4.0" xmlns="http://schemas.microsoft.com/developer/msbuild/2003">
  <ItemGroup>
    <Filter Include="Source Files">
      <UniqueIdentifier>{4FC737F1-C7A5-4376-A066-2A32D752A2FF}</UniqueIdentifier>
      <Extensions>cpp;c;cc;cxx;def;odl;idl;hpj;bat;asm;asmx</Extensions>
    </Filter>
    <Filter Include="Header Files">
      <UniqueIdentifier>{93995380-89BD-4b04-88EB-625FBE52EBFB}</UniqueIdentifier>
      <Extensions>h;hh;hpp;hxx;hm;inl;inc;xsd</Extensions>
    </Filter>
    <Filter Include="Resource Files">
      <UniqueIdentifier>{67DA6AB6-F800-4c08-8B7A-83BB121AAD01}</UniqueIdentifier>
      <Extensions>rc;ico;cur;bmp;dlg;rc2;rct;bin;rgs;gif;jpg;jpeg;jpe;resx;tiff;tif;png;wav;mfcribbon-ms</Extensions>
    </Filter>
    <Filter Include="Source Files\Scene">
      <UniqueIdentifier>{df6c3bfa-6f7d-4a7b-974b-1f17fa7549c9}</UniqueIdentifier>
    </Filter>
    <Filter Include="Source Files\Scene\Track">
      <UniqueIdentifier>{b8f67ba6-6d10-4c67-a625-0a6fdf306a28}</UniqueIdentifier>
    </Filter>
    <Filter Include="Header Files\Scene">
      <UniqueIdentifier>{63dce1fb-1f3f-4490-909f-13a81ab50c79}</UniqueIdentifier>
    </Filter>
    <Filter Include="Header Files\Scene\Track">
      <UniqueIdentifier>{82a84d21-33fd-44df-8f5b-40ad5bfc9d3d}</UniqueIdentifier>
    </Filter>
    <Filter Include="Source Files\Scene\Kart">
      <UniqueIdentifier>{c81afb6c-f5d3-4676-9c3a-3beba88a42e7}</UniqueIdentifier>
    </Filter>
    <Filter Include="Header Files\Scene\Kart">
      <UniqueIdentifier>{9f93b4a9-3b3b-4d97-b671-4456713b13fd}</UniqueIdentifier>
    </Filter>
    <Filter Include="Header Files\Scene\Tiny">
      <UniqueIdentifier>{f2b2a3c9-42f1-4b56-8d00-38827bb07304}</UniqueIdentifier>
    </Filter>
    <Filter Include="Source Files\Scene\Tiny">
      <UniqueIdentifier>{ce325739-c277-4de3-aa52-6adf9080ee00}</UniqueIdentifier>
    </Filter>
    <Filter Include="Header Files\Scene\Obstacle">
      <UniqueIdentifier>{44299088-bb39-4e2c-b513-cbc92fca74cb}</UniqueIdentifier>
    </Filter>
    <Filter Include="Source Files\Scene\Obstacle">
      <UniqueIdentifier>{17cf19c1-ab7e-47e2-b92f-101f56257821}</UniqueIdentifier>
    </Filter>
  </ItemGroup>
  <ItemGroup>
    <ClCompile Include="Racer.cpp">
      <Filter>Source Files</Filter>
    </ClCompile>
    <ClCompile Include="RaceSceneFactory.cpp">
      <Filter>Source Files\Scene</Filter>
    </ClCompile>
    <ClCompile Include="RaceScene.cpp">
      <Filter>Source Files\Scene</Filter>
    </ClCompile>
    <ClCompile Include="Track.cpp">
      <Filter>Source Files\Scene\Track</Filter>
    </ClCompile>
    <ClCompile Include="TrackBlock.cpp">
      <Filter>Source Files\Scene\Track</Filter>
    </ClCompile>
    <ClCompile Include="RaceCart.cpp">
      <Filter>Source Files\Scene\Kart</Filter>
    </ClCompile>
    <ClCompile Include="TinyEntity.cpp">
      <Filter>Source Files\Scene\Tiny</Filter>
    </ClCompile>
    <ClCompile Include="Obstacle.cpp">
      <Filter>Source Files\Scene\Obstacle</Filter>
    </ClCompile>
  </ItemGroup>
  <ItemGroup>
    <ClInclude Include="Track.h">
      <Filter>Header Files\Scene\Track</Filter>
    </ClInclude>
    <ClInclude Include="TrackBlock.h">
      <Filter>Header Files\Scene\Track</Filter>
    </ClInclude>
    <ClInclude Include="RaceCart.h">
      <Filter>Header Files\Scene\Kart</Filter>
    </ClInclude>
    <ClInclude Include="RaceScene.h">
      <Filter>Header Files\Scene</Filter>
    </ClInclude>
    <ClInclude Include="RaceSceneFactory.h">
      <Filter>Header Files\Scene</Filter>
    </ClInclude>
    <ClInclude Include="TinyEntity.h">
      <Filter>Header Files\Scene\Tiny</Filter>
    </ClInclude>
    <ClInclude Include="Obstacle.h">
      <Filter>Header Files\Scene\Obstacle</Filter>
    </ClInclude>
  </ItemGroup>
</Project>