<?xml version="1.0" encoding="utf-8"?>
<Project ToolsVersion="4.0" xmlns="http://schemas.microsoft.com/developer/msbuild/2003">
  <ItemGroup>
    <ClCompile Include="DefaultEntity.cpp">
      <Filter>Source\Scene\Default</Filter>
    </ClCompile>
    <ClCompile Include="DefaultScene.cpp">
      <Filter>Source\Scene\Default</Filter>
    </ClCompile>
    <ClCompile Include="DefaultSceneFactory.cpp">
      <Filter>Source\Scene\Default</Filter>
    </ClCompile>
    <ClCompile Include="DirectInputDevice.cpp">
      <Filter>Source\Input\Direct</Filter>
    </ClCompile>
    <ClCompile Include="DirectInputDeviceFactory.cpp">
      <Filter>Source\Input\Direct</Filter>
    </ClCompile>
    <ClCompile Include="DirectKeyboard.cpp">
      <Filter>Source\Input\Direct</Filter>
    </ClCompile>
    <ClCompile Include="DirectMouse.cpp">
      <Filter>Source\Input\Direct</Filter>
    </ClCompile>
    <ClCompile Include="IndexBufferWrapper.cpp">
      <Filter>Source\Renderer\Wrap Containers</Filter>
    </ClCompile>
    <ClCompile Include="InputManager.cpp">
      <Filter>Source\Input</Filter>
    </ClCompile>
    <ClCompile Include="InputDeviceFactory.cpp">
      <Filter>Source\Input</Filter>
    </ClCompile>
    <ClCompile Include="Logger.cpp">
      <Filter>Source\Logger</Filter>
    </ClCompile>
    <ClCompile Include="LoggerPool.cpp">
      <Filter>Source\Logger</Filter>
    </ClCompile>
    <ClCompile Include="MeshWrapper.cpp">
      <Filter>Source\Renderer\Wrap Containers</Filter>
    </ClCompile>
    <ClCompile Include="Scene.cpp">
      <Filter>Source\Scene</Filter>
    </ClCompile>
    <ClCompile Include="SceneFactory.cpp">
      <Filter>Source\Scene</Filter>
    </ClCompile>
    <ClCompile Include="SceneManager.cpp">
      <Filter>Source\Scene</Filter>
    </ClCompile>
    <ClCompile Include="TextureWrapper.cpp">
      <Filter>Source\Renderer\Wrap Containers</Filter>
    </ClCompile>
    <ClCompile Include="VertexBufferWrapper.cpp">
      <Filter>Source\Renderer\Wrap Containers</Filter>
    </ClCompile>
    <ClCompile Include="WindowManager.cpp">
      <Filter>Source\Window</Filter>
    </ClCompile>
    <ClCompile Include="Window.cpp">
      <Filter>Source\Window</Filter>
    </ClCompile>
    <ClCompile Include="stdafx.cpp">
      <Filter>Source</Filter>
    </ClCompile>
    <ClCompile Include="InputDevice.cpp">
      <Filter>Source\Input</Filter>
    </ClCompile>
    <ClCompile Include="ResourceManager.cpp">
      <Filter>Source\Resource</Filter>
    </ClCompile>
    <ClCompile Include="MtlLoader.cpp">
      <Filter>Source\Resource</Filter>
    </ClCompile>
    <ClCompile Include="StringHelper.cpp">
      <Filter>Source\Logger</Filter>
    </ClCompile>
    <ClCompile Include="DirectXRenderer.cpp">
      <Filter>Source\Renderer</Filter>
    </ClCompile>
    <ClCompile Include="Renderer.cpp">
      <Filter>Source\Renderer</Filter>
    </ClCompile>
    <ClCompile Include="MaterialWrapper.cpp">
      <Filter>Source\Renderer\Wrap Containers</Filter>
    </ClCompile>
    <ClCompile Include="PEngine.cpp">
      <Filter>Source</Filter>
    </ClCompile>
    <ClCompile Include="EntityCamera.cpp">
      <Filter>Source\Scene</Filter>
    </ClCompile>
    <ClCompile Include="Entity.cpp">
      <Filter>Source\Scene</Filter>
    </ClCompile>
    <ClCompile Include="ObjMeshLoader.cpp">
      <Filter>Source\Resource</Filter>
    </ClCompile>
    <ClCompile Include="SceneLoader.cpp">
      <Filter>Source\Resource</Filter>
    </ClCompile>
    <ClCompile Include="XModel.cpp">
      <Filter>Source\Resource\X</Filter>
    </ClCompile>
    <ClCompile Include="XModelLoader.cpp">
      <Filter>Source\Resource\X</Filter>
    </ClCompile>
    <ClCompile Include="Menu.cpp">
      <Filter>Source\Scene</Filter>
    </ClCompile>
    <ClCompile Include="RenderMatrix.cpp">
      <Filter>Source\Renderer</Filter>
    </ClCompile>
    <ClCompile Include="SuperXLoader.cpp">
      <Filter>Source\Resource\RobertX</Filter>
    </ClCompile>
    <ClCompile Include="Animation.cpp">
      <Filter>Source\Resource\RobertX</Filter>
    </ClCompile>
    <ClCompile Include="AnimationSet.cpp">
      <Filter>Source\Resource\RobertX</Filter>
    </ClCompile>
    <ClCompile Include="Bone.cpp">
      <Filter>Source\Resource\RobertX</Filter>
    </ClCompile>
    <ClCompile Include="Model3D.cpp">
      <Filter>Source\Resource\RobertX</Filter>
    </ClCompile>
    <ClCompile Include="XMesh.cpp">
      <Filter>Source\Resource\RobertX</Filter>
    </ClCompile>
    <ClCompile Include="Object3D.cpp">
      <Filter>Source\Resource\RobertX</Filter>
    </ClCompile>
    <ClCompile Include="ObjectBone.cpp">
      <Filter>Source\Resource\RobertX</Filter>
    </ClCompile>
    <ClCompile Include="Skybox.cpp">
      <Filter>Header\Resource\SkyBox</Filter>
    </ClCompile>
  </ItemGroup>
  <ItemGroup>
    <ClInclude Include="DefaultEntity.h">
      <Filter>Header\Scene\Default</Filter>
    </ClInclude>
    <ClInclude Include="DefaultScene.h">
      <Filter>Header\Scene\Default</Filter>
    </ClInclude>
    <ClInclude Include="DefaultSceneFactory.h">
      <Filter>Header\Scene\Default</Filter>
    </ClInclude>
    <ClInclude Include="DirectInputDevice.h">
      <Filter>Header\Input\Direct</Filter>
    </ClInclude>
    <ClInclude Include="DirectInputDeviceFactory.h">
      <Filter>Header\Input\Direct</Filter>
    </ClInclude>
    <ClInclude Include="DirectKeyboard.h">
      <Filter>Header\Input\Direct</Filter>
    </ClInclude>
    <ClInclude Include="DirectMouse.h">
      <Filter>Header\Input\Direct</Filter>
    </ClInclude>
    <ClInclude Include="Entity.h">
      <Filter>Header\Scene</Filter>
    </ClInclude>
    <ClInclude Include="InputDevice.h">
      <Filter>Header\Input</Filter>
    </ClInclude>
    <ClInclude Include="InputDeviceFactory.h">
      <Filter>Header\Input</Filter>
    </ClInclude>
    <ClInclude Include="InputManager.h">
      <Filter>Header\Input</Filter>
    </ClInclude>
    <ClInclude Include="Logger.h">
      <Filter>Header\Logger</Filter>
    </ClInclude>
    <ClInclude Include="LoggerPool.h">
      <Filter>Header\Logger</Filter>
    </ClInclude>
    <ClInclude Include="Window.h">
      <Filter>Header\Window</Filter>
    </ClInclude>
    <ClInclude Include="WindowListener.h">
      <Filter>Header\Window</Filter>
    </ClInclude>
    <ClInclude Include="WindowManager.h">
      <Filter>Header\Window</Filter>
    </ClInclude>
    <ClInclude Include="SceneFactory.h">
      <Filter>Header\Scene</Filter>
    </ClInclude>
    <ClInclude Include="SceneManager.h">
      <Filter>Header\Scene</Filter>
    </ClInclude>
    <ClInclude Include="Scene.h">
      <Filter>Header\Scene</Filter>
    </ClInclude>
    <ClInclude Include="stdafx.h">
      <Filter>Header</Filter>
    </ClInclude>
    <ClInclude Include="targetver.h">
      <Filter>Header</Filter>
    </ClInclude>
    <ClInclude Include="Input.h">
      <Filter>Header\Input</Filter>
    </ClInclude>
    <ClInclude Include="ResourceManager.h">
      <Filter>Header\Resource</Filter>
    </ClInclude>
    <ClInclude Include="MtlLoader.h">
      <Filter>Header\Resource</Filter>
    </ClInclude>
    <ClInclude Include="FaceDefinition.h">
      <Filter>Header\Resource\Mesh</Filter>
    </ClInclude>
    <ClInclude Include="Normal.h">
      <Filter>Header\Resource\Mesh</Filter>
    </ClInclude>
    <ClInclude Include="TextureCoordinate.h">
      <Filter>Header\Resource\Mesh</Filter>
    </ClInclude>
    <ClInclude Include="Material.h">
      <Filter>Header\Resource\Material</Filter>
    </ClInclude>
    <ClInclude Include="StringHelper.h">
      <Filter>Header\Logger</Filter>
    </ClInclude>
    <ClInclude Include="ParameterSpaceVertex.h">
      <Filter>Header\Resource\Mesh</Filter>
    </ClInclude>
    <ClInclude Include="DirectXRenderer.h">
      <Filter>Header\Renderer</Filter>
    </ClInclude>
    <ClInclude Include="Renderer.h">
      <Filter>Header\Renderer</Filter>
    </ClInclude>
    <ClInclude Include="PengineDefinitions.h">
      <Filter>Header</Filter>
    </ClInclude>
    <ClInclude Include="PEngine.h">
      <Filter>Header</Filter>
    </ClInclude>
    <ClInclude Include="RGBAColor.h">
      <Filter>Header\Resource\Material</Filter>
    </ClInclude>
    <ClInclude Include="RGBColor.h">
      <Filter>Header\Resource\Material</Filter>
    </ClInclude>
    <ClInclude Include="EntityCamera.h">
      <Filter>Header\Scene</Filter>
    </ClInclude>
    <ClInclude Include="Vertex.h">
      <Filter>Header\Resource</Filter>
    </ClInclude>
    <ClInclude Include="Sound.h">
      <Filter>Header\Resource\Sound</Filter>
    </ClInclude>
    <ClInclude Include="Subset.h">
      <Filter>Header\Resource\Mesh</Filter>
    </ClInclude>
    <ClInclude Include="Mesh.h">
      <Filter>Header\Resource\Mesh</Filter>
    </ClInclude>
    <ClInclude Include="IndexBufferWrapper.h">
      <Filter>Header\Renderer\Wrap Containers</Filter>
    </ClInclude>
    <ClInclude Include="MaterialWrapper.h">
      <Filter>Header\Renderer\Wrap Containers</Filter>
    </ClInclude>
    <ClInclude Include="MeshWrapper.h">
      <Filter>Header\Renderer\Wrap Containers</Filter>
    </ClInclude>
    <ClInclude Include="TextureWrapper.h">
      <Filter>Header\Renderer\Wrap Containers</Filter>
    </ClInclude>
    <ClInclude Include="VertexBufferWrapper.h">
      <Filter>Header\Renderer\Wrap Containers</Filter>
    </ClInclude>
    <ClInclude Include="BaseMaterialLoader.h">
      <Filter>Header\Resource</Filter>
    </ClInclude>
    <ClInclude Include="BaseMeshLoader.h">
      <Filter>Header\Resource</Filter>
    </ClInclude>
    <ClInclude Include="ObjMeshLoader.h">
      <Filter>Header\Resource</Filter>
    </ClInclude>
    <ClInclude Include="BinaryData.h">
      <Filter>Header\Resource</Filter>
    </ClInclude>
    <ClInclude Include="SceneLoader.h">
      <Filter>Header\Resource</Filter>
    </ClInclude>
    <ClInclude Include="Vector3.h" />
    <ClInclude Include="XModel.h">
      <Filter>Header\Resource\X</Filter>
    </ClInclude>
    <ClInclude Include="XModelLoader.h">
      <Filter>Header\Resource\X</Filter>
    </ClInclude>
    <ClInclude Include="Menu.h">
      <Filter>Header\Scene</Filter>
    </ClInclude>
    <ClInclude Include="MenuButton.h">
      <Filter>Header\Scene</Filter>
    </ClInclude>
    <ClInclude Include="SceneDefinition.h">
      <Filter>Header\Scene</Filter>
    </ClInclude>
    <ClInclude Include="RenderMatrix.h">
      <Filter>Header\Renderer</Filter>
    </ClInclude>
    <ClInclude Include="SuperXLoader.h">
      <Filter>Header\Resource\RobertX</Filter>
    </ClInclude>
    <ClInclude Include="XMesh.h">
      <Filter>Header\Resource\RobertX</Filter>
    </ClInclude>
    <ClInclude Include="Animation.h">
      <Filter>Header\Resource\RobertX</Filter>
    </ClInclude>
    <ClInclude Include="AnimationSet.h">
      <Filter>Header\Resource\RobertX</Filter>
    </ClInclude>
    <ClInclude Include="Array.h">
      <Filter>Header\Resource\RobertX</Filter>
    </ClInclude>
    <ClInclude Include="Bone.h">
      <Filter>Header\Resource\RobertX</Filter>
    </ClInclude>
    <ClInclude Include="IO.h">
      <Filter>Header\Resource\RobertX</Filter>
    </ClInclude>
    <ClInclude Include="Matrix.h">
      <Filter>Header\Resource\RobertX</Filter>
    </ClInclude>
    <ClInclude Include="Model3D.h">
      <Filter>Header\Resource\RobertX</Filter>
    </ClInclude>
    <ClInclude Include="Quaternion.h">
      <Filter>Header\Resource\RobertX</Filter>
    </ClInclude>
    <ClInclude Include="TRect.h">
      <Filter>Header\Resource\RobertX</Filter>
    </ClInclude>
    <ClInclude Include="Types.h">
      <Filter>Header\Resource\RobertX</Filter>
    </ClInclude>
    <ClInclude Include="Vector.h">
      <Filter>Header\Resource\RobertX</Filter>
    </ClInclude>
    <ClInclude Include="XMaterial.h">
      <Filter>Header\Resource\RobertX</Filter>
    </ClInclude>
    <ClInclude Include="XFileStructs.h">
      <Filter>Header\Resource\RobertX</Filter>
    </ClInclude>
    <ClInclude Include="Object3D.h">
      <Filter>Header\Resource\RobertX</Filter>
    </ClInclude>
    <ClInclude Include="ObjectBone.h">
      <Filter>Header\Resource\RobertX</Filter>
    </ClInclude>
    <ClInclude Include="Skybox.h">
      <Filter>Header\Resource\SkyBox</Filter>
    </ClInclude>
  </ItemGroup>
  <ItemGroup>
    <Text Include="ReadMe.txt" />
  </ItemGroup>
  <ItemGroup>
    <Filter Include="Header">
      <UniqueIdentifier>{0eaf9cbf-40f2-406b-a964-7d97bd7bcb26}</UniqueIdentifier>
    </Filter>
    <Filter Include="Source">
      <UniqueIdentifier>{40403deb-beda-4446-8a2e-3b79175c390a}</UniqueIdentifier>
    </Filter>
    <Filter Include="Header\Input">
      <UniqueIdentifier>{37c65e16-da47-432d-ba83-1a4fbd50dc85}</UniqueIdentifier>
    </Filter>
    <Filter Include="Header\Scene">
      <UniqueIdentifier>{cf56b5a6-361d-4c2e-97d1-f24afbf85e91}</UniqueIdentifier>
    </Filter>
    <Filter Include="Header\Window">
      <UniqueIdentifier>{5727ef4d-677c-4d5d-9751-6d790726ead0}</UniqueIdentifier>
    </Filter>
    <Filter Include="Header\Scene\Default">
      <UniqueIdentifier>{7a920306-9829-4958-8b40-8250c9fdc650}</UniqueIdentifier>
    </Filter>
    <Filter Include="Header\Input\Direct">
      <UniqueIdentifier>{6cc027ff-f9d4-44a3-a451-e2d0b5641208}</UniqueIdentifier>
    </Filter>
    <Filter Include="Source\Input">
      <UniqueIdentifier>{a271cb67-092f-4b65-82cd-00400669ba89}</UniqueIdentifier>
    </Filter>
    <Filter Include="Source\Window">
      <UniqueIdentifier>{5266aa26-4bfb-46d7-b110-8f68e9e626a4}</UniqueIdentifier>
    </Filter>
    <Filter Include="Source\Scene">
      <UniqueIdentifier>{1394404d-ee39-4400-8f69-933b739eaebe}</UniqueIdentifier>
    </Filter>
    <Filter Include="Source\Input\Direct">
      <UniqueIdentifier>{e2e560c4-d5b7-4b72-b285-8549bd47db80}</UniqueIdentifier>
    </Filter>
    <Filter Include="Source\Scene\Default">
      <UniqueIdentifier>{a0b6dd3a-b07d-46ed-bd94-ef5085d3c579}</UniqueIdentifier>
    </Filter>
    <Filter Include="Source\Resource">
      <UniqueIdentifier>{33e97ab4-b8a0-4075-b927-2b12fc56c201}</UniqueIdentifier>
    </Filter>
    <Filter Include="Header\Resource">
      <UniqueIdentifier>{6adb8963-1a79-441d-a362-fc21851a1f8a}</UniqueIdentifier>
    </Filter>
    <Filter Include="Header\Resource\Mesh">
      <UniqueIdentifier>{61bb6508-9788-49b4-aa4c-53a2ad616839}</UniqueIdentifier>
    </Filter>
    <Filter Include="Header\Resource\Material">
      <UniqueIdentifier>{bd5400fc-8d23-4b12-9509-e420ca906b5c}</UniqueIdentifier>
    </Filter>
    <Filter Include="Header\Logger">
      <UniqueIdentifier>{226121f4-6309-4255-8ee6-a36ca871dd34}</UniqueIdentifier>
    </Filter>
    <Filter Include="Source\Logger">
      <UniqueIdentifier>{e64004ff-6cdf-4d2e-b712-c17cb013f798}</UniqueIdentifier>
    </Filter>
    <Filter Include="Header\Renderer">
      <UniqueIdentifier>{d0d813fc-eb91-487b-adf7-bab8fe83899d}</UniqueIdentifier>
    </Filter>
    <Filter Include="Header\Renderer\Wrap Containers">
      <UniqueIdentifier>{9268418a-0d0c-4254-82d9-7be99c70a034}</UniqueIdentifier>
    </Filter>
    <Filter Include="Source\Renderer">
      <UniqueIdentifier>{abcaad1d-c18a-4cfa-9569-1a15d73ca377}</UniqueIdentifier>
    </Filter>
    <Filter Include="Source\Renderer\Wrap Containers">
      <UniqueIdentifier>{a8a4c3de-c6dc-4555-a187-5c944c40dacb}</UniqueIdentifier>
    </Filter>
    <Filter Include="Header\Resource\Sound">
      <UniqueIdentifier>{96c78ed4-cdc5-4f8f-87c7-648f3f6e5d85}</UniqueIdentifier>
    </Filter>
    <Filter Include="Header\Resource\X">
      <UniqueIdentifier>{a3b18def-2698-4f77-9a69-3172bb03a783}</UniqueIdentifier>
    </Filter>
    <Filter Include="Source\Resource\X">
      <UniqueIdentifier>{0ba113e0-08d5-4e90-831c-b3c0bbce4b81}</UniqueIdentifier>
    </Filter>
    <Filter Include="Header\Resource\RobertX">
      <UniqueIdentifier>{96244d68-507c-4d05-9a8b-f997ad19f385}</UniqueIdentifier>
    </Filter>
    <Filter Include="Source\Resource\RobertX">
      <UniqueIdentifier>{880ee865-54c4-46fa-877a-025399780221}</UniqueIdentifier>
    </Filter>
    <Filter Include="Header\Resource\SkyBox">
      <UniqueIdentifier>{acce316f-c8fd-4cc5-99e3-8841883264c1}</UniqueIdentifier>
    </Filter>
  </ItemGroup>
</Project>