<?xml version="1.0" encoding="utf-8"?>
<Project ToolsVersion="4.0" xmlns="http://schemas.microsoft.com/developer/msbuild/2003">
  <ItemGroup>
    <ClCompile Include="ColorWrapper.cpp">
      <Filter>Source\Wrap Containers</Filter>
    </ClCompile>
    <ClCompile Include="DefaultEntity.cpp">
      <Filter>Source\Scene\Default</Filter>
    </ClCompile>
    <ClCompile Include="DefaultEntityFactory.cpp">
      <Filter>Source\Scene\Default</Filter>
    </ClCompile>
    <ClCompile Include="DefaultScene.cpp">
      <Filter>Source\Scene\Default</Filter>
    </ClCompile>
    <ClCompile Include="DefaultSceneFactory.cpp">
      <Filter>Source\Scene\Default</Filter>
    </ClCompile>
    <ClCompile Include="DirectInputDevice.cpp">
      <Filter>Source\Input\Direct</Filter>
    </ClCompile>
    <ClCompile Include="DirectInputDeviceFactory.cpp">
      <Filter>Source\Input\Direct</Filter>
    </ClCompile>
    <ClCompile Include="DirectKeyboard.cpp">
      <Filter>Source\Input\Direct</Filter>
    </ClCompile>
    <ClCompile Include="DirectMouse.cpp">
      <Filter>Source\Input\Direct</Filter>
    </ClCompile>
    <ClCompile Include="DirectXRenderer.cpp">
      <Filter>Source</Filter>
    </ClCompile>
    <ClCompile Include="DWORDWrapper.cpp">
      <Filter>Source\Wrap Containers</Filter>
    </ClCompile>
    <ClCompile Include="IndexBufferWrapper.cpp">
      <Filter>Source\Wrap Containers</Filter>
    </ClCompile>
    <ClCompile Include="FormatWrapper.cpp">
      <Filter>Source\Wrap Containers</Filter>
    </ClCompile>
    <ClCompile Include="InputManager.cpp">
      <Filter>Source\Input</Filter>
    </ClCompile>
    <ClCompile Include="InputDeviceFactory.cpp">
      <Filter>Source\Input</Filter>
    </ClCompile>
    <ClCompile Include="KB-06.cpp">
      <Filter>Source</Filter>
    </ClCompile>
    <ClCompile Include="Logger.cpp">
      <Filter>Source\Util</Filter>
    </ClCompile>
    <ClCompile Include="LoggerPool.cpp">
      <Filter>Source\Util</Filter>
    </ClCompile>
    <ClCompile Include="MaterialWrapper.cpp">
      <Filter>Source\Wrap Containers</Filter>
    </ClCompile>
    <ClCompile Include="MatrixWrapper.cpp">
      <Filter>Source\Wrap Containers</Filter>
    </ClCompile>
    <ClCompile Include="MeshWrapper.cpp">
      <Filter>Source\Wrap Containers</Filter>
    </ClCompile>
    <ClCompile Include="PoolWrapper.cpp">
      <Filter>Source\Wrap Containers</Filter>
    </ClCompile>
    <ClCompile Include="Renderer.cpp">
      <Filter>Source</Filter>
    </ClCompile>
    <ClCompile Include="Scene.cpp">
      <Filter>Source\Scene</Filter>
    </ClCompile>
    <ClCompile Include="SceneFactory.cpp">
      <Filter>Source\Scene</Filter>
    </ClCompile>
    <ClCompile Include="SceneManager.cpp">
      <Filter>Source\Scene</Filter>
    </ClCompile>
    <ClCompile Include="TextureWrapper.cpp">
      <Filter>Source\Wrap Containers</Filter>
    </ClCompile>
    <ClCompile Include="VertexBufferWrapper.cpp">
      <Filter>Source\Wrap Containers</Filter>
    </ClCompile>
    <ClCompile Include="WindowManager.cpp">
      <Filter>Source\Window</Filter>
    </ClCompile>
    <ClCompile Include="Window.cpp">
      <Filter>Source\Window</Filter>
    </ClCompile>
    <ClCompile Include="stdafx.cpp">
      <Filter>Source</Filter>
    </ClCompile>
    <ClCompile Include="InputDevice.cpp">
      <Filter>Source\Input</Filter>
    </ClCompile>
    <ClCompile Include="ResourceManager.cpp">
      <Filter>Source</Filter>
    </ClCompile>
  </ItemGroup>
  <ItemGroup>
    <ClInclude Include="DefaultEntity.h">
      <Filter>Header\Scene\Default</Filter>
    </ClInclude>
    <ClInclude Include="DefaultEntityFactory.h">
      <Filter>Header\Scene\Default</Filter>
    </ClInclude>
    <ClInclude Include="DefaultScene.h">
      <Filter>Header\Scene\Default</Filter>
    </ClInclude>
    <ClInclude Include="DefaultSceneFactory.h">
      <Filter>Header\Scene\Default</Filter>
    </ClInclude>
    <ClInclude Include="DirectInputDevice.h">
      <Filter>Header\Input\Direct</Filter>
    </ClInclude>
    <ClInclude Include="DirectInputDeviceFactory.h">
      <Filter>Header\Input\Direct</Filter>
    </ClInclude>
    <ClInclude Include="DirectKeyboard.h">
      <Filter>Header\Input\Direct</Filter>
    </ClInclude>
    <ClInclude Include="DirectMouse.h">
      <Filter>Header\Input\Direct</Filter>
    </ClInclude>
    <ClInclude Include="DirectXRenderer.h">
      <Filter>Header</Filter>
    </ClInclude>
    <ClInclude Include="Entity.h">
      <Filter>Header\Scene</Filter>
    </ClInclude>
    <ClInclude Include="EntityFactory.h">
      <Filter>Header\Scene</Filter>
    </ClInclude>
    <ClInclude Include="InputDevice.h">
      <Filter>Header\Input</Filter>
    </ClInclude>
    <ClInclude Include="InputDeviceFactory.h">
      <Filter>Header\Input</Filter>
    </ClInclude>
    <ClInclude Include="InputManager.h">
      <Filter>Header\Input</Filter>
    </ClInclude>
    <ClInclude Include="Logger.h">
      <Filter>Header\Util</Filter>
    </ClInclude>
    <ClInclude Include="LoggerPool.h">
      <Filter>Header\Util</Filter>
    </ClInclude>
    <ClInclude Include="Renderer.h">
      <Filter>Header</Filter>
    </ClInclude>
    <ClInclude Include="Window.h">
      <Filter>Header\Window</Filter>
    </ClInclude>
    <ClInclude Include="WindowListener.h">
      <Filter>Header\Window</Filter>
    </ClInclude>
    <ClInclude Include="WindowManager.h">
      <Filter>Header\Window</Filter>
    </ClInclude>
    <ClInclude Include="SceneFactory.h">
      <Filter>Header\Scene</Filter>
    </ClInclude>
    <ClInclude Include="SceneManager.h">
      <Filter>Header\Scene</Filter>
    </ClInclude>
    <ClInclude Include="Scene.h">
      <Filter>Header\Scene</Filter>
    </ClInclude>
    <ClInclude Include="stdafx.h">
      <Filter>Header</Filter>
    </ClInclude>
    <ClInclude Include="targetver.h">
      <Filter>Header</Filter>
    </ClInclude>
    <ClInclude Include="Input.h">
      <Filter>Header\Input</Filter>
	 </ClInclude>
    <ClInclude Include="ResourceManager.h">
      <Filter>Header</Filter>
    </ClInclude>
  </ItemGroup>
  <ItemGroup>
    <Text Include="ReadMe.txt" />
  </ItemGroup>
  <ItemGroup>
    <Filter Include="Header">
      <UniqueIdentifier>{0eaf9cbf-40f2-406b-a964-7d97bd7bcb26}</UniqueIdentifier>
    </Filter>
    <Filter Include="Source">
      <UniqueIdentifier>{40403deb-beda-4446-8a2e-3b79175c390a}</UniqueIdentifier>
    </Filter>
    <Filter Include="Header\Input">
      <UniqueIdentifier>{37c65e16-da47-432d-ba83-1a4fbd50dc85}</UniqueIdentifier>
    </Filter>
    <Filter Include="Header\Scene">
      <UniqueIdentifier>{cf56b5a6-361d-4c2e-97d1-f24afbf85e91}</UniqueIdentifier>
    </Filter>
    <Filter Include="Header\Window">
      <UniqueIdentifier>{5727ef4d-677c-4d5d-9751-6d790726ead0}</UniqueIdentifier>
    </Filter>
    <Filter Include="Header\Wrap Containers">
      <UniqueIdentifier>{9268418a-0d0c-4254-82d9-7be99c70a034}</UniqueIdentifier>
    </Filter>
    <Filter Include="Header\Scene\Default">
      <UniqueIdentifier>{7a920306-9829-4958-8b40-8250c9fdc650}</UniqueIdentifier>
    </Filter>
    <Filter Include="Header\Input\Direct">
      <UniqueIdentifier>{6cc027ff-f9d4-44a3-a451-e2d0b5641208}</UniqueIdentifier>
    </Filter>
    <Filter Include="Header\Util">
      <UniqueIdentifier>{226121f4-6309-4255-8ee6-a36ca871dd34}</UniqueIdentifier>
    </Filter>
    <Filter Include="Source\Input">
      <UniqueIdentifier>{a271cb67-092f-4b65-82cd-00400669ba89}</UniqueIdentifier>
    </Filter>
    <Filter Include="Source\Util">
      <UniqueIdentifier>{e64004ff-6cdf-4d2e-b712-c17cb013f798}</UniqueIdentifier>
    </Filter>
    <Filter Include="Source\Wrap Containers">
      <UniqueIdentifier>{a8a4c3de-c6dc-4555-a187-5c944c40dacb}</UniqueIdentifier>
    </Filter>
    <Filter Include="Source\Window">
      <UniqueIdentifier>{5266aa26-4bfb-46d7-b110-8f68e9e626a4}</UniqueIdentifier>
    </Filter>
    <Filter Include="Source\Scene">
      <UniqueIdentifier>{1394404d-ee39-4400-8f69-933b739eaebe}</UniqueIdentifier>
    </Filter>
    <Filter Include="Source\Input\Direct">
      <UniqueIdentifier>{e2e560c4-d5b7-4b72-b285-8549bd47db80}</UniqueIdentifier>
    </Filter>
    <Filter Include="Source\Scene\Default">
      <UniqueIdentifier>{a0b6dd3a-b07d-46ed-bd94-ef5085d3c579}</UniqueIdentifier>
    </Filter>
  </ItemGroup>
</Project>